
Microsoft Visual Studio Solution File, Format Version 12.00
# Visual Studio 15
VisualStudioVersion = 15.0.26430.6
MinimumVisualStudioVersion = 10.0.40219.1
Project("{FAE04EC0-301F-11D3-BF4B-00C04F79EFBC}") = "ghosen", "ghosen\ghosen.csproj", "{8247FE08-01EE-4112-8AF9-61EF69DC4D8B}"
EndProject
Project("{FAE04EC0-301F-11D3-BF4B-00C04F79EFBC}") = "ghosen.Tests", "ghosen.Tests\ghosen.Tests.csproj", "{96CF2EE3-9A57-4E9C-A565-983824E47417}"
EndProject
Project("{2150E333-8FDC-42A3-9474-1A3956D46DE8}") = "Plugins", "Plugins", "{968FA0C1-AF54-4B2B-80DE-E1A829D06C1D}"
EndProject
Project("{FAE04EC0-301F-11D3-BF4B-00C04F79EFBC}") = "CandumpFile", "Plugins\CandumpFile\CandumpFile.csproj", "{5D17FF77-5157-4E0C-B6CC-80E24F5CC3F3}"
EndProject
Project("{FAE04EC0-301F-11D3-BF4B-00C04F79EFBC}") = "KvaserFile", "Plugins\KvaserFile\KvaserFile.csproj", "{58FA96B1-0AF7-4143-8F6D-2B181B5C3E62}"
EndProject
Global
	GlobalSection(SolutionConfigurationPlatforms) = preSolution
		Debug|Any CPU = Debug|Any CPU
		Release|Any CPU = Release|Any CPU
	EndGlobalSection
	GlobalSection(ProjectConfigurationPlatforms) = postSolution
		{8247FE08-01EE-4112-8AF9-61EF69DC4D8B}.Debug|Any CPU.ActiveCfg = Debug|Any CPU
		{8247FE08-01EE-4112-8AF9-61EF69DC4D8B}.Debug|Any CPU.Build.0 = Debug|Any CPU
		{8247FE08-01EE-4112-8AF9-61EF69DC4D8B}.Release|Any CPU.ActiveCfg = Release|Any CPU
		{8247FE08-01EE-4112-8AF9-61EF69DC4D8B}.Release|Any CPU.Build.0 = Release|Any CPU
		{96CF2EE3-9A57-4E9C-A565-983824E47417}.Debug|Any CPU.ActiveCfg = Debug|Any CPU
		{96CF2EE3-9A57-4E9C-A565-983824E47417}.Debug|Any CPU.Build.0 = Debug|Any CPU
		{96CF2EE3-9A57-4E9C-A565-983824E47417}.Release|Any CPU.ActiveCfg = Release|Any CPU
		{96CF2EE3-9A57-4E9C-A565-983824E47417}.Release|Any CPU.Build.0 = Release|Any CPU
		{5D17FF77-5157-4E0C-B6CC-80E24F5CC3F3}.Debug|Any CPU.ActiveCfg = Debug|Any CPU
		{5D17FF77-5157-4E0C-B6CC-80E24F5CC3F3}.Debug|Any CPU.Build.0 = Debug|Any CPU
		{5D17FF77-5157-4E0C-B6CC-80E24F5CC3F3}.Release|Any CPU.ActiveCfg = Release|Any CPU
		{5D17FF77-5157-4E0C-B6CC-80E24F5CC3F3}.Release|Any CPU.Build.0 = Release|Any CPU
		{58FA96B1-0AF7-4143-8F6D-2B181B5C3E62}.Debug|Any CPU.ActiveCfg = Debug|Any CPU
		{58FA96B1-0AF7-4143-8F6D-2B181B5C3E62}.Debug|Any CPU.Build.0 = Debug|Any CPU
		{58FA96B1-0AF7-4143-8F6D-2B181B5C3E62}.Release|Any CPU.ActiveCfg = Release|Any CPU
		{58FA96B1-0AF7-4143-8F6D-2B181B5C3E62}.Release|Any CPU.Build.0 = Release|Any CPU
	EndGlobalSection
	GlobalSection(SolutionProperties) = preSolution
		HideSolutionNode = FALSE
	EndGlobalSection
	GlobalSection(NestedProjects) = preSolution
		{5D17FF77-5157-4E0C-B6CC-80E24F5CC3F3} = {968FA0C1-AF54-4B2B-80DE-E1A829D06C1D}
		{58FA96B1-0AF7-4143-8F6D-2B181B5C3E62} = {968FA0C1-AF54-4B2B-80DE-E1A829D06C1D}
	EndGlobalSection
EndGlobal
