
Microsoft Visual Studio Solution File, Format Version 12.00
# Visual Studio Version 16
VisualStudioVersion = 16.0.30711.63
MinimumVisualStudioVersion = 10.0.40219.1
Project("{9A19103F-16F7-4668-BE54-9A1E7A4F7556}") = "ghosen", "ghosen\ghosen.csproj", "{8247FE08-01EE-4112-8AF9-61EF69DC4D8B}"
EndProject
Project("{9A19103F-16F7-4668-BE54-9A1E7A4F7556}") = "ghosen.Tests", "ghosen.Tests\ghosen.Tests.csproj", "{96CF2EE3-9A57-4E9C-A565-983824E47417}"
EndProject
Project("{2150E333-8FDC-42A3-9474-1A3956D46DE8}") = "Plugins", "Plugins", "{968FA0C1-AF54-4B2B-80DE-E1A829D06C1D}"
EndProject
Project("{9A19103F-16F7-4668-BE54-9A1E7A4F7556}") = "CandumpFile", "Plugins\CandumpFile\CandumpFile.csproj", "{5D17FF77-5157-4E0C-B6CC-80E24F5CC3F3}"
EndProject
Project("{9A19103F-16F7-4668-BE54-9A1E7A4F7556}") = "KvaserFile", "Plugins\KvaserFile\KvaserFile.csproj", "{58FA96B1-0AF7-4143-8F6D-2B181B5C3E62}"
EndProject
Project("{9A19103F-16F7-4668-BE54-9A1E7A4F7556}") = "VehicleSpyFile", "Plugins\VehicleSpyFile\VehicleSpyFile.csproj", "{3C24B98C-E47A-42A1-968B-DF4E2B51E4FB}"
EndProject
Project("{9A19103F-16F7-4668-BE54-9A1E7A4F7556}") = "KvaserCsvFile", "Plugins\KvaserCsvFile\KvaserCsvFile.csproj", "{57C07AFA-021C-4F0E-92ED-D747590C0C94}"
EndProject
Project("{9A19103F-16F7-4668-BE54-9A1E7A4F7556}") = "KvaserTextFile", "Plugins\KvaserTextFile\KvaserTextFile.csproj", "{7B008D1B-99CC-440E-BD9E-B4130DC2D9F6}"
EndProject
Project("{9A19103F-16F7-4668-BE54-9A1E7A4F7556}") = "GhosenPlugin", "GhosenPlugin\GhosenPlugin.csproj", "{DF9B1139-8829-4286-AF47-1C795B5B911D}"
EndProject
Project("{9A19103F-16F7-4668-BE54-9A1E7A4F7556}") = "Utils", "Utils\Utils.csproj", "{0A685B8C-DB9F-45D1-A2EB-983399FA2316}"
EndProject
Project("{9A19103F-16F7-4668-BE54-9A1E7A4F7556}") = "SavvyFile", "Plugins\SavvyFile\SavvyFile.csproj", "{B9521E45-46BB-4E2B-ABBE-4F9CA3FF7364}"
EndProject
Global
	GlobalSection(SolutionConfigurationPlatforms) = preSolution
		Debug|Any CPU = Debug|Any CPU
		Release|Any CPU = Release|Any CPU
	EndGlobalSection
	GlobalSection(ProjectConfigurationPlatforms) = postSolution
		{8247FE08-01EE-4112-8AF9-61EF69DC4D8B}.Debug|Any CPU.ActiveCfg = Debug|Any CPU
		{8247FE08-01EE-4112-8AF9-61EF69DC4D8B}.Debug|Any CPU.Build.0 = Debug|Any CPU
		{8247FE08-01EE-4112-8AF9-61EF69DC4D8B}.Release|Any CPU.ActiveCfg = Release|Any CPU
		{8247FE08-01EE-4112-8AF9-61EF69DC4D8B}.Release|Any CPU.Build.0 = Release|Any CPU
		{96CF2EE3-9A57-4E9C-A565-983824E47417}.Debug|Any CPU.ActiveCfg = Debug|Any CPU
		{96CF2EE3-9A57-4E9C-A565-983824E47417}.Debug|Any CPU.Build.0 = Debug|Any CPU
		{96CF2EE3-9A57-4E9C-A565-983824E47417}.Release|Any CPU.ActiveCfg = Release|Any CPU
		{96CF2EE3-9A57-4E9C-A565-983824E47417}.Release|Any CPU.Build.0 = Release|Any CPU
		{5D17FF77-5157-4E0C-B6CC-80E24F5CC3F3}.Debug|Any CPU.ActiveCfg = Debug|Any CPU
		{5D17FF77-5157-4E0C-B6CC-80E24F5CC3F3}.Debug|Any CPU.Build.0 = Debug|Any CPU
		{5D17FF77-5157-4E0C-B6CC-80E24F5CC3F3}.Release|Any CPU.ActiveCfg = Release|Any CPU
		{5D17FF77-5157-4E0C-B6CC-80E24F5CC3F3}.Release|Any CPU.Build.0 = Release|Any CPU
		{58FA96B1-0AF7-4143-8F6D-2B181B5C3E62}.Debug|Any CPU.ActiveCfg = Debug|Any CPU
		{58FA96B1-0AF7-4143-8F6D-2B181B5C3E62}.Debug|Any CPU.Build.0 = Debug|Any CPU
		{58FA96B1-0AF7-4143-8F6D-2B181B5C3E62}.Release|Any CPU.ActiveCfg = Release|Any CPU
		{58FA96B1-0AF7-4143-8F6D-2B181B5C3E62}.Release|Any CPU.Build.0 = Release|Any CPU
		{3C24B98C-E47A-42A1-968B-DF4E2B51E4FB}.Debug|Any CPU.ActiveCfg = Debug|Any CPU
		{3C24B98C-E47A-42A1-968B-DF4E2B51E4FB}.Debug|Any CPU.Build.0 = Debug|Any CPU
		{3C24B98C-E47A-42A1-968B-DF4E2B51E4FB}.Release|Any CPU.ActiveCfg = Release|Any CPU
		{3C24B98C-E47A-42A1-968B-DF4E2B51E4FB}.Release|Any CPU.Build.0 = Release|Any CPU
		{57C07AFA-021C-4F0E-92ED-D747590C0C94}.Debug|Any CPU.ActiveCfg = Debug|Any CPU
		{57C07AFA-021C-4F0E-92ED-D747590C0C94}.Debug|Any CPU.Build.0 = Debug|Any CPU
		{57C07AFA-021C-4F0E-92ED-D747590C0C94}.Release|Any CPU.ActiveCfg = Release|Any CPU
		{57C07AFA-021C-4F0E-92ED-D747590C0C94}.Release|Any CPU.Build.0 = Release|Any CPU
		{7B008D1B-99CC-440E-BD9E-B4130DC2D9F6}.Debug|Any CPU.ActiveCfg = Debug|Any CPU
		{7B008D1B-99CC-440E-BD9E-B4130DC2D9F6}.Debug|Any CPU.Build.0 = Debug|Any CPU
		{7B008D1B-99CC-440E-BD9E-B4130DC2D9F6}.Release|Any CPU.ActiveCfg = Release|Any CPU
		{7B008D1B-99CC-440E-BD9E-B4130DC2D9F6}.Release|Any CPU.Build.0 = Release|Any CPU
		{DF9B1139-8829-4286-AF47-1C795B5B911D}.Debug|Any CPU.ActiveCfg = Debug|Any CPU
		{DF9B1139-8829-4286-AF47-1C795B5B911D}.Debug|Any CPU.Build.0 = Debug|Any CPU
		{DF9B1139-8829-4286-AF47-1C795B5B911D}.Release|Any CPU.ActiveCfg = Release|Any CPU
		{DF9B1139-8829-4286-AF47-1C795B5B911D}.Release|Any CPU.Build.0 = Release|Any CPU
		{0A685B8C-DB9F-45D1-A2EB-983399FA2316}.Debug|Any CPU.ActiveCfg = Debug|Any CPU
		{0A685B8C-DB9F-45D1-A2EB-983399FA2316}.Debug|Any CPU.Build.0 = Debug|Any CPU
		{0A685B8C-DB9F-45D1-A2EB-983399FA2316}.Release|Any CPU.ActiveCfg = Release|Any CPU
		{0A685B8C-DB9F-45D1-A2EB-983399FA2316}.Release|Any CPU.Build.0 = Release|Any CPU
		{B9521E45-46BB-4E2B-ABBE-4F9CA3FF7364}.Debug|Any CPU.ActiveCfg = Debug|Any CPU
		{B9521E45-46BB-4E2B-ABBE-4F9CA3FF7364}.Debug|Any CPU.Build.0 = Debug|Any CPU
		{B9521E45-46BB-4E2B-ABBE-4F9CA3FF7364}.Release|Any CPU.ActiveCfg = Release|Any CPU
		{B9521E45-46BB-4E2B-ABBE-4F9CA3FF7364}.Release|Any CPU.Build.0 = Release|Any CPU
	EndGlobalSection
	GlobalSection(SolutionProperties) = preSolution
		HideSolutionNode = FALSE
	EndGlobalSection
	GlobalSection(NestedProjects) = preSolution
		{5D17FF77-5157-4E0C-B6CC-80E24F5CC3F3} = {968FA0C1-AF54-4B2B-80DE-E1A829D06C1D}
		{58FA96B1-0AF7-4143-8F6D-2B181B5C3E62} = {968FA0C1-AF54-4B2B-80DE-E1A829D06C1D}
		{3C24B98C-E47A-42A1-968B-DF4E2B51E4FB} = {968FA0C1-AF54-4B2B-80DE-E1A829D06C1D}
		{57C07AFA-021C-4F0E-92ED-D747590C0C94} = {968FA0C1-AF54-4B2B-80DE-E1A829D06C1D}
		{7B008D1B-99CC-440E-BD9E-B4130DC2D9F6} = {968FA0C1-AF54-4B2B-80DE-E1A829D06C1D}
		{DF9B1139-8829-4286-AF47-1C795B5B911D} = {968FA0C1-AF54-4B2B-80DE-E1A829D06C1D}
		{B9521E45-46BB-4E2B-ABBE-4F9CA3FF7364} = {968FA0C1-AF54-4B2B-80DE-E1A829D06C1D}
	EndGlobalSection
	GlobalSection(ExtensibilityGlobals) = postSolution
		SolutionGuid = {04BB4D01-3C88-4591-A475-A16D322BD010}
	EndGlobalSection
EndGlobal
